{
    "version": 3,
    "terraform_version": "0.9.11",
    "serial": 50,
    "lineage": "3b27e6bf-3f44-4a67-b388-06816d640b08",
    "modules": [
        {
            "path": [
                "root"
            ],
            "outputs": {
                "aws_key_pair": {
                    "sensitive": false,
                    "type": "list",
                    "value": [
                        "lancer@macattack"
                    ]
                },
                "bamboo_address": {
                    "sensitive": false,
                    "type": "list",
                    "value": []
                },
                "bamboo_ip": {
                    "sensitive": false,
                    "type": "list",
                    "value": []
                },
                "gitlab_address": {
                    "sensitive": false,
                    "type": "list",
                    "value": []
                },
                "gitlab_ip": {
                    "sensitive": false,
                    "type": "list",
                    "value": []
                },
                "jenkins_address": {
                    "sensitive": false,
                    "type": "list",
                    "value": []
                },
                "jenkins_ip": {
                    "sensitive": false,
                    "type": "list",
                    "value": []
                },
                "student_addresses": {
                    "sensitive": false,
                    "type": "list",
                    "value": [
                        "ec2-54-144-64-121.compute-1.amazonaws.com"
                    ]
                },
                "student_ips": {
                    "sensitive": false,
                    "type": "list",
                    "value": [
                        "54.144.64.121"
                    ]
                },
                "teamcity_address": {
                    "sensitive": false,
                    "type": "list",
                    "value": []
                },
                "teamcity_ip": {
                    "sensitive": false,
                    "type": "list",
                    "value": []
                }
            },
            "resources": {
                "aws_instance.ec2_aec_student": {
                    "type": "aws_instance",
                    "depends_on": [
                        "aws_key_pair.aec_key_pair",
                        "aws_security_group.aec_sg_student"
                    ],
                    "primary": {
                        "id": "i-04b4b7d9c0a7d9607",
                        "attributes": {
                            "ami": "ami-07d0cf3af28718ef8",
                            "associate_public_ip_address": "true",
                            "availability_zone": "us-east-1c",
                            "disable_api_termination": "false",
                            "ebs_block_device.#": "0",
                            "ebs_optimized": "false",
                            "ephemeral_block_device.#": "0",
                            "iam_instance_profile": "",
                            "id": "i-04b4b7d9c0a7d9607",
                            "instance_state": "running",
                            "instance_type": "m4.large",
                            "ipv6_addresses.#": "0",
                            "key_name": "lancer@macattack",
                            "monitoring": "false",
                            "network_interface.#": "0",
                            "network_interface_id": "eni-0b5f09a2d0af53931",
                            "primary_network_interface_id": "eni-0b5f09a2d0af53931",
                            "private_dns": "ip-172-31-17-136.ec2.internal",
                            "private_ip": "172.31.17.136",
                            "public_dns": "ec2-54-144-64-121.compute-1.amazonaws.com",
                            "public_ip": "54.144.64.121",
                            "root_block_device.#": "1",
                            "root_block_device.0.delete_on_termination": "true",
                            "root_block_device.0.iops": "100",
                            "root_block_device.0.volume_size": "8",
                            "root_block_device.0.volume_type": "gp2",
                            "security_groups.#": "1",
                            "security_groups.1836434030": "agile_engineering_class_student",
                            "source_dest_check": "true",
                            "subnet_id": "subnet-ad5409e5",
                            "tags.%": "1",
                            "tags.Name": "Agile Engineering Class Student 000",
                            "tenancy": "default",
                            "volume_tags.%": "0",
                            "vpc_security_group_ids.#": "0"
                        },
                        "meta": {
                            "e2bfb730-ecaa-11e6-8f88-34363bc7c4c0": {
                                "create": 600000000000,
                                "delete": 600000000000,
                                "update": 600000000000
                            },
                            "schema_version": "1"
                        },
                        "tainted": true
                    },
                    "deposed": [],
                    "provider": ""
                },
                "aws_key_pair.aec_key_pair": {
                    "type": "aws_key_pair",
                    "depends_on": [],
                    "primary": {
                        "id": "lancer@macattack",
                        "attributes": {
                            "fingerprint": "59:cd:77:15:74:30:a2:eb:63:59:2f:e7:81:07:94:82",
                            "id": "lancer@macattack",
                            "key_name": "lancer@macattack",
                            "public_key": "ssh-rsa AAAAB3NzaC1yc2EAAAADAQABAAABAQCx/hqOKSX81iWrMTRLLPvaB0GUOndbSjDxAoOdqiYBsBGRvrJSLP2q3xoSE6Al1wbn0inb/Wq+L6NFZPfmRXKHGobEJ9QELZx/LZlzuj+hGo77ji1rZhPePx3xrECv4uENvoZOkAdLoid8mwOf2tHGbbK0erTj4BJgUPmCeKk3pnsEVzaswRLyWYzNRTfPN4oHyFKEjo+W+VkWsGyO8o/SpXjWw/SvTF+w8tlUs8JQmtZaYMYvyv8NV/q3gOXEgCq4/sTkSli7hRvI1lQYhvQi4XQOAHxFCTZX3e5Ofo+lMMyR2edZux8FATZdxvE+E5R2eRUni20oKIvlz4R21KV3 lancer@macattack"
                        },
                        "meta": {
                            "schema_version": "1"
                        },
                        "tainted": false
                    },
                    "deposed": [],
                    "provider": ""
                },
                "aws_security_group.aec_sg_bamboo": {
                    "type": "aws_security_group",
                    "depends_on": [],
                    "primary": {
                        "id": "sg-07d8bfe0d54808939",
                        "attributes": {
                            "description": "Agile Engineering Class - Bamboo SMTP and SSH Access",
                            "egress.#": "1",
                            "egress.482069346.cidr_blocks.#": "1",
                            "egress.482069346.cidr_blocks.0": "0.0.0.0/0",
                            "egress.482069346.from_port": "0",
                            "egress.482069346.ipv6_cidr_blocks.#": "0",
                            "egress.482069346.prefix_list_ids.#": "0",
                            "egress.482069346.protocol": "-1",
                            "egress.482069346.security_groups.#": "0",
                            "egress.482069346.self": "false",
                            "egress.482069346.to_port": "0",
                            "id": "sg-07d8bfe0d54808939",
                            "ingress.#": "3",
                            "ingress.1022526118.cidr_blocks.#": "1",
                            "ingress.1022526118.cidr_blocks.0": "0.0.0.0/0",
                            "ingress.1022526118.from_port": "25",
                            "ingress.1022526118.ipv6_cidr_blocks.#": "0",
                            "ingress.1022526118.protocol": "tcp",
                            "ingress.1022526118.security_groups.#": "0",
                            "ingress.1022526118.self": "false",
                            "ingress.1022526118.to_port": "25",
                            "ingress.2214680975.cidr_blocks.#": "1",
                            "ingress.2214680975.cidr_blocks.0": "0.0.0.0/0",
                            "ingress.2214680975.from_port": "80",
                            "ingress.2214680975.ipv6_cidr_blocks.#": "0",
                            "ingress.2214680975.protocol": "tcp",
                            "ingress.2214680975.security_groups.#": "0",
                            "ingress.2214680975.self": "false",
                            "ingress.2214680975.to_port": "80",
                            "ingress.2541437006.cidr_blocks.#": "1",
                            "ingress.2541437006.cidr_blocks.0": "0.0.0.0/0",
                            "ingress.2541437006.from_port": "22",
                            "ingress.2541437006.ipv6_cidr_blocks.#": "0",
                            "ingress.2541437006.protocol": "tcp",
                            "ingress.2541437006.security_groups.#": "0",
                            "ingress.2541437006.self": "false",
                            "ingress.2541437006.to_port": "22",
                            "name": "agile_engineering_class_bamboo",
                            "owner_id": "971204960380",
                            "tags.%": "1",
                            "tags.Name": "Agile Engineering Class Bamboo",
                            "vpc_id": "vpc-7df69b04"
                        },
                        "meta": {},
                        "tainted": false
                    },
                    "deposed": [],
                    "provider": ""
                },
                "aws_security_group.aec_sg_gitlab": {
                    "type": "aws_security_group",
                    "depends_on": [],
                    "primary": {
                        "id": "sg-09209c73d294c4a96",
                        "attributes": {
                            "description": "Agile Engineering Class - GitLab SMTP and SSH Access",
                            "egress.#": "1",
                            "egress.482069346.cidr_blocks.#": "1",
                            "egress.482069346.cidr_blocks.0": "0.0.0.0/0",
                            "egress.482069346.from_port": "0",
                            "egress.482069346.ipv6_cidr_blocks.#": "0",
                            "egress.482069346.prefix_list_ids.#": "0",
                            "egress.482069346.protocol": "-1",
                            "egress.482069346.security_groups.#": "0",
                            "egress.482069346.self": "false",
                            "egress.482069346.to_port": "0",
                            "id": "sg-09209c73d294c4a96",
                            "ingress.#": "3",
                            "ingress.1022526118.cidr_blocks.#": "1",
                            "ingress.1022526118.cidr_blocks.0": "0.0.0.0/0",
                            "ingress.1022526118.from_port": "25",
                            "ingress.1022526118.ipv6_cidr_blocks.#": "0",
                            "ingress.1022526118.protocol": "tcp",
                            "ingress.1022526118.security_groups.#": "0",
                            "ingress.1022526118.self": "false",
                            "ingress.1022526118.to_port": "25",
                            "ingress.2214680975.cidr_blocks.#": "1",
                            "ingress.2214680975.cidr_blocks.0": "0.0.0.0/0",
                            "ingress.2214680975.from_port": "80",
                            "ingress.2214680975.ipv6_cidr_blocks.#": "0",
                            "ingress.2214680975.protocol": "tcp",
                            "ingress.2214680975.security_groups.#": "0",
                            "ingress.2214680975.self": "false",
                            "ingress.2214680975.to_port": "80",
                            "ingress.2541437006.cidr_blocks.#": "1",
                            "ingress.2541437006.cidr_blocks.0": "0.0.0.0/0",
                            "ingress.2541437006.from_port": "22",
                            "ingress.2541437006.ipv6_cidr_blocks.#": "0",
                            "ingress.2541437006.protocol": "tcp",
                            "ingress.2541437006.security_groups.#": "0",
                            "ingress.2541437006.self": "false",
                            "ingress.2541437006.to_port": "22",
                            "name": "agile_engineering_class_gitlab",
                            "owner_id": "971204960380",
                            "tags.%": "1",
                            "tags.Name": "Agile Engineering Class GitLab",
                            "vpc_id": "vpc-7df69b04"
                        },
                        "meta": {},
                        "tainted": false
                    },
                    "deposed": [],
                    "provider": ""
                },
                "aws_security_group.aec_sg_jenkins": {
                    "type": "aws_security_group",
                    "depends_on": [],
                    "primary": {
                        "id": "sg-0cc4362691cb0ad7e",
                        "attributes": {
                            "description": "Agile Engineering Class - Jenkins SMTP and SSH Access",
                            "egress.#": "1",
                            "egress.482069346.cidr_blocks.#": "1",
                            "egress.482069346.cidr_blocks.0": "0.0.0.0/0",
                            "egress.482069346.from_port": "0",
                            "egress.482069346.ipv6_cidr_blocks.#": "0",
                            "egress.482069346.prefix_list_ids.#": "0",
                            "egress.482069346.protocol": "-1",
                            "egress.482069346.security_groups.#": "0",
                            "egress.482069346.self": "false",
                            "egress.482069346.to_port": "0",
                            "id": "sg-0cc4362691cb0ad7e",
                            "ingress.#": "3",
                            "ingress.1022526118.cidr_blocks.#": "1",
                            "ingress.1022526118.cidr_blocks.0": "0.0.0.0/0",
                            "ingress.1022526118.from_port": "25",
                            "ingress.1022526118.ipv6_cidr_blocks.#": "0",
                            "ingress.1022526118.protocol": "tcp",
                            "ingress.1022526118.security_groups.#": "0",
                            "ingress.1022526118.self": "false",
                            "ingress.1022526118.to_port": "25",
                            "ingress.2214680975.cidr_blocks.#": "1",
                            "ingress.2214680975.cidr_blocks.0": "0.0.0.0/0",
                            "ingress.2214680975.from_port": "80",
                            "ingress.2214680975.ipv6_cidr_blocks.#": "0",
                            "ingress.2214680975.protocol": "tcp",
                            "ingress.2214680975.security_groups.#": "0",
                            "ingress.2214680975.self": "false",
                            "ingress.2214680975.to_port": "80",
                            "ingress.2541437006.cidr_blocks.#": "1",
                            "ingress.2541437006.cidr_blocks.0": "0.0.0.0/0",
                            "ingress.2541437006.from_port": "22",
                            "ingress.2541437006.ipv6_cidr_blocks.#": "0",
                            "ingress.2541437006.protocol": "tcp",
                            "ingress.2541437006.security_groups.#": "0",
                            "ingress.2541437006.self": "false",
                            "ingress.2541437006.to_port": "22",
                            "name": "agile_engineering_class_jenkins",
                            "owner_id": "971204960380",
                            "tags.%": "1",
                            "tags.Name": "Agile Engineering Class Jenkins",
                            "vpc_id": "vpc-7df69b04"
                        },
                        "meta": {},
                        "tainted": false
                    },
                    "deposed": [],
                    "provider": ""
                },
                "aws_security_group.aec_sg_student": {
                    "type": "aws_security_group",
                    "depends_on": [],
                    "primary": {
                        "id": "sg-02350173",
                        "attributes": {
                            "description": "Agile Engineering Class - Guacamole and SSH Access",
                            "egress.#": "1",
                            "egress.482069346.cidr_blocks.#": "1",
                            "egress.482069346.cidr_blocks.0": "0.0.0.0/0",
                            "egress.482069346.from_port": "0",
                            "egress.482069346.ipv6_cidr_blocks.#": "0",
                            "egress.482069346.prefix_list_ids.#": "0",
                            "egress.482069346.protocol": "-1",
                            "egress.482069346.security_groups.#": "0",
                            "egress.482069346.self": "false",
                            "egress.482069346.to_port": "0",
                            "id": "sg-02350173",
                            "ingress.#": "3",
                            "ingress.2214680975.cidr_blocks.#": "1",
                            "ingress.2214680975.cidr_blocks.0": "0.0.0.0/0",
                            "ingress.2214680975.from_port": "80",
                            "ingress.2214680975.ipv6_cidr_blocks.#": "0",
                            "ingress.2214680975.protocol": "tcp",
                            "ingress.2214680975.security_groups.#": "0",
                            "ingress.2214680975.self": "false",
                            "ingress.2214680975.to_port": "80",
                            "ingress.2424292389.cidr_blocks.#": "1",
                            "ingress.2424292389.cidr_blocks.0": "0.0.0.0/0",
                            "ingress.2424292389.from_port": "-1",
                            "ingress.2424292389.ipv6_cidr_blocks.#": "1",
                            "ingress.2424292389.ipv6_cidr_blocks.0": "::/0",
                            "ingress.2424292389.protocol": "icmp",
                            "ingress.2424292389.security_groups.#": "0",
                            "ingress.2424292389.self": "false",
                            "ingress.2424292389.to_port": "-1",
                            "ingress.2541437006.cidr_blocks.#": "1",
                            "ingress.2541437006.cidr_blocks.0": "0.0.0.0/0",
                            "ingress.2541437006.from_port": "22",
                            "ingress.2541437006.ipv6_cidr_blocks.#": "0",
                            "ingress.2541437006.protocol": "tcp",
                            "ingress.2541437006.security_groups.#": "0",
                            "ingress.2541437006.self": "false",
                            "ingress.2541437006.to_port": "22",
                            "name": "agile_engineering_class_student",
                            "owner_id": "971204960380",
                            "tags.%": "1",
                            "tags.Name": "Agile Engineering Class Student",
                            "vpc_id": "vpc-7df69b04"
                        },
                        "meta": {},
                        "tainted": false
                    },
                    "deposed": [],
                    "provider": ""
                },
                "aws_security_group.aec_sg_teamcity": {
                    "type": "aws_security_group",
                    "depends_on": [],
                    "primary": {
                        "id": "sg-08064795b69631fe9",
                        "attributes": {
                            "description": "Agile Engineering Class - TeamCity SMTP and SSH Access",
                            "egress.#": "1",
                            "egress.482069346.cidr_blocks.#": "1",
                            "egress.482069346.cidr_blocks.0": "0.0.0.0/0",
                            "egress.482069346.from_port": "0",
                            "egress.482069346.ipv6_cidr_blocks.#": "0",
                            "egress.482069346.prefix_list_ids.#": "0",
                            "egress.482069346.protocol": "-1",
                            "egress.482069346.security_groups.#": "0",
                            "egress.482069346.self": "false",
                            "egress.482069346.to_port": "0",
                            "id": "sg-08064795b69631fe9",
                            "ingress.#": "3",
                            "ingress.1022526118.cidr_blocks.#": "1",
                            "ingress.1022526118.cidr_blocks.0": "0.0.0.0/0",
                            "ingress.1022526118.from_port": "25",
                            "ingress.1022526118.ipv6_cidr_blocks.#": "0",
                            "ingress.1022526118.protocol": "tcp",
                            "ingress.1022526118.security_groups.#": "0",
                            "ingress.1022526118.self": "false",
                            "ingress.1022526118.to_port": "25",
                            "ingress.2214680975.cidr_blocks.#": "1",
                            "ingress.2214680975.cidr_blocks.0": "0.0.0.0/0",
                            "ingress.2214680975.from_port": "80",
                            "ingress.2214680975.ipv6_cidr_blocks.#": "0",
                            "ingress.2214680975.protocol": "tcp",
                            "ingress.2214680975.security_groups.#": "0",
                            "ingress.2214680975.self": "false",
                            "ingress.2214680975.to_port": "80",
                            "ingress.2541437006.cidr_blocks.#": "1",
                            "ingress.2541437006.cidr_blocks.0": "0.0.0.0/0",
                            "ingress.2541437006.from_port": "22",
                            "ingress.2541437006.ipv6_cidr_blocks.#": "0",
                            "ingress.2541437006.protocol": "tcp",
                            "ingress.2541437006.security_groups.#": "0",
                            "ingress.2541437006.self": "false",
                            "ingress.2541437006.to_port": "22",
                            "name": "agile_engineering_class_teamcity",
                            "owner_id": "971204960380",
                            "tags.%": "1",
                            "tags.Name": "Agile Engineering Class TeamCity",
                            "vpc_id": "vpc-7df69b04"
                        },
                        "meta": {},
                        "tainted": false
                    },
                    "deposed": [],
                    "provider": ""
                }
            },
            "depends_on": []
        }
    ]
}
