{
    "version": 3,
    "terraform_version": "0.11.15",
    "serial": 57,
    "lineage": "3b27e6bf-3f44-4a67-b388-06816d640b08",
    "modules": [
        {
            "path": [
                "root"
            ],
            "outputs": {
                "student_addresses": {
                    "sensitive": false,
                    "type": "list",
                    "value": [
                        "ec2-3-95-246-205.compute-1.amazonaws.com"
                    ]
                },
                "student_ips": {
                    "sensitive": false,
                    "type": "list",
                    "value": [
                        "3.95.246.205"
                    ]
                }
            },
            "resources": {
                "aws_security_group.aec_sg_student": {
                    "type": "aws_security_group",
                    "depends_on": [],
                    "primary": {
                        "id": "sg-02350173",
                        "attributes": {
                            "arn": "arn:aws:ec2:us-east-1:971204960380:security-group/sg-02350173",
                            "description": "Agile Engineering Class - Guacamole and SSH Access",
                            "egress.#": "1",
                            "egress.482069346.cidr_blocks.#": "1",
                            "egress.482069346.cidr_blocks.0": "0.0.0.0/0",
                            "egress.482069346.description": "",
                            "egress.482069346.from_port": "0",
                            "egress.482069346.ipv6_cidr_blocks.#": "0",
                            "egress.482069346.prefix_list_ids.#": "0",
                            "egress.482069346.protocol": "-1",
                            "egress.482069346.security_groups.#": "0",
                            "egress.482069346.self": "false",
                            "egress.482069346.to_port": "0",
                            "id": "sg-02350173",
                            "ingress.#": "4",
                            "ingress.2214680975.cidr_blocks.#": "1",
                            "ingress.2214680975.cidr_blocks.0": "0.0.0.0/0",
                            "ingress.2214680975.description": "",
                            "ingress.2214680975.from_port": "80",
                            "ingress.2214680975.ipv6_cidr_blocks.#": "0",
                            "ingress.2214680975.prefix_list_ids.#": "0",
                            "ingress.2214680975.protocol": "tcp",
                            "ingress.2214680975.security_groups.#": "0",
                            "ingress.2214680975.self": "false",
                            "ingress.2214680975.to_port": "80",
                            "ingress.2424292389.cidr_blocks.#": "1",
                            "ingress.2424292389.cidr_blocks.0": "0.0.0.0/0",
                            "ingress.2424292389.description": "",
                            "ingress.2424292389.from_port": "-1",
                            "ingress.2424292389.ipv6_cidr_blocks.#": "1",
                            "ingress.2424292389.ipv6_cidr_blocks.0": "::/0",
                            "ingress.2424292389.prefix_list_ids.#": "0",
                            "ingress.2424292389.protocol": "icmp",
                            "ingress.2424292389.security_groups.#": "0",
                            "ingress.2424292389.self": "false",
                            "ingress.2424292389.to_port": "-1",
                            "ingress.2541437006.cidr_blocks.#": "1",
                            "ingress.2541437006.cidr_blocks.0": "0.0.0.0/0",
                            "ingress.2541437006.description": "",
                            "ingress.2541437006.from_port": "22",
                            "ingress.2541437006.ipv6_cidr_blocks.#": "0",
                            "ingress.2541437006.prefix_list_ids.#": "0",
                            "ingress.2541437006.protocol": "tcp",
                            "ingress.2541437006.security_groups.#": "0",
                            "ingress.2541437006.self": "false",
                            "ingress.2541437006.to_port": "22",
                            "ingress.3877580808.cidr_blocks.#": "1",
                            "ingress.3877580808.cidr_blocks.0": "0.0.0.0/0",
                            "ingress.3877580808.description": "",
                            "ingress.3877580808.from_port": "5900",
                            "ingress.3877580808.ipv6_cidr_blocks.#": "0",
                            "ingress.3877580808.prefix_list_ids.#": "0",
                            "ingress.3877580808.protocol": "tcp",
                            "ingress.3877580808.security_groups.#": "0",
                            "ingress.3877580808.self": "false",
                            "ingress.3877580808.to_port": "5920",
                            "name": "agile_engineering_class_student",
                            "owner_id": "971204960380",
                            "revoke_rules_on_delete": "false",
                            "tags.%": "1",
                            "tags.Name": "Agile Engineering Class Student",
                            "vpc_id": "vpc-7df69b04"
                        },
                        "meta": {
                            "e2bfb730-ecaa-11e6-8f88-34363bc7c4c0": {
                                "create": 600000000000,
                                "delete": 600000000000
                            },
                            "schema_version": "1"
                        },
                        "tainted": false
                    },
                    "deposed": [],
                    "provider": "provider.aws"
                }
            },
            "depends_on": []
        }
    ]
}
