{
    "version": 3,
    "terraform_version": "0.9.11",
    "serial": 46,
    "lineage": "3b27e6bf-3f44-4a67-b388-06816d640b08",
    "modules": [
        {
            "path": [
                "root"
            ],
            "outputs": {
                "bamboo_address": {
                    "sensitive": false,
                    "type": "list",
                    "value": []
                },
                "bamboo_ip": {
                    "sensitive": false,
                    "type": "list",
                    "value": []
                },
                "gitlab_address": {
                    "sensitive": false,
                    "type": "list",
                    "value": []
                },
                "gitlab_ip": {
                    "sensitive": false,
                    "type": "list",
                    "value": []
                },
                "jenkins_address": {
                    "sensitive": false,
                    "type": "list",
                    "value": []
                },
                "jenkins_ip": {
                    "sensitive": false,
                    "type": "list",
                    "value": []
                },
                "teamcity_address": {
                    "sensitive": false,
                    "type": "list",
                    "value": []
                },
                "teamcity_ip": {
                    "sensitive": false,
                    "type": "list",
                    "value": []
                }
            },
            "resources": {
                "aws_security_group.aec_sg_student": {
                    "type": "aws_security_group",
                    "depends_on": [],
                    "primary": {
                        "id": "sg-02350173",
                        "attributes": {
                            "description": "Agile Engineering Class - Guacamole and SSH Access",
                            "egress.#": "1",
                            "egress.482069346.cidr_blocks.#": "1",
                            "egress.482069346.cidr_blocks.0": "0.0.0.0/0",
                            "egress.482069346.from_port": "0",
                            "egress.482069346.ipv6_cidr_blocks.#": "0",
                            "egress.482069346.prefix_list_ids.#": "0",
                            "egress.482069346.protocol": "-1",
                            "egress.482069346.security_groups.#": "0",
                            "egress.482069346.self": "false",
                            "egress.482069346.to_port": "0",
                            "id": "sg-02350173",
                            "ingress.#": "3",
                            "ingress.2214680975.cidr_blocks.#": "1",
                            "ingress.2214680975.cidr_blocks.0": "0.0.0.0/0",
                            "ingress.2214680975.from_port": "80",
                            "ingress.2214680975.ipv6_cidr_blocks.#": "0",
                            "ingress.2214680975.protocol": "tcp",
                            "ingress.2214680975.security_groups.#": "0",
                            "ingress.2214680975.self": "false",
                            "ingress.2214680975.to_port": "80",
                            "ingress.2424292389.cidr_blocks.#": "1",
                            "ingress.2424292389.cidr_blocks.0": "0.0.0.0/0",
                            "ingress.2424292389.from_port": "-1",
                            "ingress.2424292389.ipv6_cidr_blocks.#": "1",
                            "ingress.2424292389.ipv6_cidr_blocks.0": "::/0",
                            "ingress.2424292389.protocol": "icmp",
                            "ingress.2424292389.security_groups.#": "0",
                            "ingress.2424292389.self": "false",
                            "ingress.2424292389.to_port": "-1",
                            "ingress.2541437006.cidr_blocks.#": "1",
                            "ingress.2541437006.cidr_blocks.0": "0.0.0.0/0",
                            "ingress.2541437006.from_port": "22",
                            "ingress.2541437006.ipv6_cidr_blocks.#": "0",
                            "ingress.2541437006.protocol": "tcp",
                            "ingress.2541437006.security_groups.#": "0",
                            "ingress.2541437006.self": "false",
                            "ingress.2541437006.to_port": "22",
                            "name": "agile_engineering_class_student",
                            "owner_id": "971204960380",
                            "tags.%": "1",
                            "tags.Name": "Agile Engineering Class Student",
                            "vpc_id": "vpc-7df69b04"
                        },
                        "meta": {},
                        "tainted": false
                    },
                    "deposed": [],
                    "provider": ""
                }
            },
            "depends_on": []
        }
    ]
}
